
Microsoft Visual Studio Solution File, Format Version 12.00
# Visual Studio Version 16
VisualStudioVersion = 16.0.31729.503
MinimumVisualStudioVersion = 10.0.40219.1
Project("{2150E333-8FDC-42A3-9474-1A3956D46DE8}") = "src", "src", "{BB90F3A5-B2B5-4BD1-B29F-0468B4198241}"
EndProject
Project("{2150E333-8FDC-42A3-9474-1A3956D46DE8}") = "Core", "Core", "{CCF14AB8-1BEA-42C5-BE2A-1FA99BF61B90}"
EndProject
Project("{2150E333-8FDC-42A3-9474-1A3956D46DE8}") = "Infrastructure", "Infrastructure", "{AF3FC9E6-211F-4F5C-B347-93E4DB2EB173}"
EndProject
Project("{2150E333-8FDC-42A3-9474-1A3956D46DE8}") = "Domain", "Domain", "{B10EAC8A-EBF2-494B-B754-2AF1CB11990F}"
EndProject
Global
	GlobalSection(SolutionProperties) = preSolution
		HideSolutionNode = FALSE
	EndGlobalSection
	GlobalSection(NestedProjects) = preSolution
		{CCF14AB8-1BEA-42C5-BE2A-1FA99BF61B90} = {BB90F3A5-B2B5-4BD1-B29F-0468B4198241}
		{AF3FC9E6-211F-4F5C-B347-93E4DB2EB173} = {BB90F3A5-B2B5-4BD1-B29F-0468B4198241}
		{B10EAC8A-EBF2-494B-B754-2AF1CB11990F} = {BB90F3A5-B2B5-4BD1-B29F-0468B4198241}
	EndGlobalSection
	GlobalSection(ExtensibilityGlobals) = postSolution
		SolutionGuid = {0A4B07BD-505D-4DA7-9DF4-59877734D4C2}
	EndGlobalSection
EndGlobal
