
Microsoft Visual Studio Solution File, Format Version 12.00
# Visual Studio Version 16
VisualStudioVersion = 16.0.31729.503
MinimumVisualStudioVersion = 10.0.40219.1
Project("{2150E333-8FDC-42A3-9474-1A3956D46DE8}") = "src", "src", "{BB90F3A5-B2B5-4BD1-B29F-0468B4198241}"
EndProject
Project("{2150E333-8FDC-42A3-9474-1A3956D46DE8}") = "Core", "Core", "{CCF14AB8-1BEA-42C5-BE2A-1FA99BF61B90}"
EndProject
Project("{2150E333-8FDC-42A3-9474-1A3956D46DE8}") = "Infrastructure", "Infrastructure", "{AF3FC9E6-211F-4F5C-B347-93E4DB2EB173}"
EndProject
Project("{2150E333-8FDC-42A3-9474-1A3956D46DE8}") = "Presentation", "Presentation", "{B10EAC8A-EBF2-494B-B754-2AF1CB11990F}"
EndProject
Project("{9A19103F-16F7-4668-BE54-9A1E7A4F7556}") = "AtbFramework.Domain", "AtbFramework.Domain\AtbFramework.Domain.csproj", "{E91B78E5-5576-438A-9658-0CD42CD87B5B}"
EndProject
Project("{9A19103F-16F7-4668-BE54-9A1E7A4F7556}") = "AtbFramework.Application", "AtbFramework.Application\AtbFramework.Application.csproj", "{8866EFC0-504C-4506-8CF7-F8BE3024BDFB}"
EndProject
Project("{9A19103F-16F7-4668-BE54-9A1E7A4F7556}") = "AtbFramework.Infrastructure", "AtbFramework.Infrastructure\AtbFramework.Infrastructure.csproj", "{01E01F16-43ED-46F6-AEC4-BC6BE86DB5D6}"
EndProject
Project("{9A19103F-16F7-4668-BE54-9A1E7A4F7556}") = "AtbFramework.Persistance", "AtbFramework.Persistance\AtbFramework.Persistance.csproj", "{C1B2F23A-BDCD-472A-B576-9C1A3748ABA2}"
EndProject
Project("{9A19103F-16F7-4668-BE54-9A1E7A4F7556}") = "AtbFramework.WebAPI", "AtbFramework.WebAPI\AtbFramework.WebAPI.csproj", "{1C79928C-84C1-485D-9265-25995B6F3CA3}"
EndProject
Project("{FAE04EC0-301F-11D3-BF4B-00C04F79EFBC}") = "AtbFramework.Business", "AtbFramework.Business\AtbFramework.Business.csproj", "{8FD14DFB-332F-43AA-9A91-C912A8C06A1A}"
EndProject
Global
	GlobalSection(SolutionConfigurationPlatforms) = preSolution
		Debug|Any CPU = Debug|Any CPU
		Release|Any CPU = Release|Any CPU
	EndGlobalSection
	GlobalSection(ProjectConfigurationPlatforms) = postSolution
		{E91B78E5-5576-438A-9658-0CD42CD87B5B}.Debug|Any CPU.ActiveCfg = Debug|Any CPU
		{E91B78E5-5576-438A-9658-0CD42CD87B5B}.Debug|Any CPU.Build.0 = Debug|Any CPU
		{E91B78E5-5576-438A-9658-0CD42CD87B5B}.Release|Any CPU.ActiveCfg = Release|Any CPU
		{E91B78E5-5576-438A-9658-0CD42CD87B5B}.Release|Any CPU.Build.0 = Release|Any CPU
		{8866EFC0-504C-4506-8CF7-F8BE3024BDFB}.Debug|Any CPU.ActiveCfg = Debug|Any CPU
		{8866EFC0-504C-4506-8CF7-F8BE3024BDFB}.Debug|Any CPU.Build.0 = Debug|Any CPU
		{8866EFC0-504C-4506-8CF7-F8BE3024BDFB}.Release|Any CPU.ActiveCfg = Release|Any CPU
		{8866EFC0-504C-4506-8CF7-F8BE3024BDFB}.Release|Any CPU.Build.0 = Release|Any CPU
		{01E01F16-43ED-46F6-AEC4-BC6BE86DB5D6}.Debug|Any CPU.ActiveCfg = Debug|Any CPU
		{01E01F16-43ED-46F6-AEC4-BC6BE86DB5D6}.Debug|Any CPU.Build.0 = Debug|Any CPU
		{01E01F16-43ED-46F6-AEC4-BC6BE86DB5D6}.Release|Any CPU.ActiveCfg = Release|Any CPU
		{01E01F16-43ED-46F6-AEC4-BC6BE86DB5D6}.Release|Any CPU.Build.0 = Release|Any CPU
		{C1B2F23A-BDCD-472A-B576-9C1A3748ABA2}.Debug|Any CPU.ActiveCfg = Debug|Any CPU
		{C1B2F23A-BDCD-472A-B576-9C1A3748ABA2}.Debug|Any CPU.Build.0 = Debug|Any CPU
		{C1B2F23A-BDCD-472A-B576-9C1A3748ABA2}.Release|Any CPU.ActiveCfg = Release|Any CPU
		{C1B2F23A-BDCD-472A-B576-9C1A3748ABA2}.Release|Any CPU.Build.0 = Release|Any CPU
		{1C79928C-84C1-485D-9265-25995B6F3CA3}.Debug|Any CPU.ActiveCfg = Debug|Any CPU
		{1C79928C-84C1-485D-9265-25995B6F3CA3}.Debug|Any CPU.Build.0 = Debug|Any CPU
		{1C79928C-84C1-485D-9265-25995B6F3CA3}.Release|Any CPU.ActiveCfg = Release|Any CPU
		{1C79928C-84C1-485D-9265-25995B6F3CA3}.Release|Any CPU.Build.0 = Release|Any CPU
		{8FD14DFB-332F-43AA-9A91-C912A8C06A1A}.Debug|Any CPU.ActiveCfg = Debug|Any CPU
		{8FD14DFB-332F-43AA-9A91-C912A8C06A1A}.Debug|Any CPU.Build.0 = Debug|Any CPU
		{8FD14DFB-332F-43AA-9A91-C912A8C06A1A}.Release|Any CPU.ActiveCfg = Release|Any CPU
		{8FD14DFB-332F-43AA-9A91-C912A8C06A1A}.Release|Any CPU.Build.0 = Release|Any CPU
	EndGlobalSection
	GlobalSection(SolutionProperties) = preSolution
		HideSolutionNode = FALSE
	EndGlobalSection
	GlobalSection(NestedProjects) = preSolution
		{CCF14AB8-1BEA-42C5-BE2A-1FA99BF61B90} = {BB90F3A5-B2B5-4BD1-B29F-0468B4198241}
		{AF3FC9E6-211F-4F5C-B347-93E4DB2EB173} = {BB90F3A5-B2B5-4BD1-B29F-0468B4198241}
		{B10EAC8A-EBF2-494B-B754-2AF1CB11990F} = {BB90F3A5-B2B5-4BD1-B29F-0468B4198241}
		{E91B78E5-5576-438A-9658-0CD42CD87B5B} = {CCF14AB8-1BEA-42C5-BE2A-1FA99BF61B90}
		{8866EFC0-504C-4506-8CF7-F8BE3024BDFB} = {CCF14AB8-1BEA-42C5-BE2A-1FA99BF61B90}
		{01E01F16-43ED-46F6-AEC4-BC6BE86DB5D6} = {AF3FC9E6-211F-4F5C-B347-93E4DB2EB173}
		{C1B2F23A-BDCD-472A-B576-9C1A3748ABA2} = {AF3FC9E6-211F-4F5C-B347-93E4DB2EB173}
		{1C79928C-84C1-485D-9265-25995B6F3CA3} = {B10EAC8A-EBF2-494B-B754-2AF1CB11990F}
		{8FD14DFB-332F-43AA-9A91-C912A8C06A1A} = {CCF14AB8-1BEA-42C5-BE2A-1FA99BF61B90}
	EndGlobalSection
	GlobalSection(ExtensibilityGlobals) = postSolution
		SolutionGuid = {0A4B07BD-505D-4DA7-9DF4-59877734D4C2}
	EndGlobalSection
EndGlobal
